
Microsoft Visual Studio Solution File, Format Version 12.00
# Visual Studio Version 17
VisualStudioVersion = 17.0.32014.148
MinimumVisualStudioVersion = 10.0.40219.1
Project("{9A19103F-16F7-4668-BE54-9A1E7A4F7556}") = "MyFirstAzureWebApp", "MyFirstAzureWebApp.csproj", "{E8DC08C4-F69F-4E63-B86F-65447E694C5E}"
EndProject
Project("{FAE04EC0-301F-11D3-BF4B-00C04F79EFBC}") = "FirstAzureAppTestProject", "..\FirstAzureAppTestProject\FirstAzureAppTestProject.csproj", "{1CCA6FF9-7727-4001-96A3-213C38C1CADC}"
EndProject
Global
	GlobalSection(SolutionConfigurationPlatforms) = preSolution
		Debug|Any CPU = Debug|Any CPU
		Release|Any CPU = Release|Any CPU
	EndGlobalSection
	GlobalSection(ProjectConfigurationPlatforms) = postSolution
		{E8DC08C4-F69F-4E63-B86F-65447E694C5E}.Debug|Any CPU.ActiveCfg = Debug|Any CPU
		{E8DC08C4-F69F-4E63-B86F-65447E694C5E}.Debug|Any CPU.Build.0 = Debug|Any CPU
		{E8DC08C4-F69F-4E63-B86F-65447E694C5E}.Release|Any CPU.ActiveCfg = Release|Any CPU
		{E8DC08C4-F69F-4E63-B86F-65447E694C5E}.Release|Any CPU.Build.0 = Release|Any CPU
		{1CCA6FF9-7727-4001-96A3-213C38C1CADC}.Debug|Any CPU.ActiveCfg = Debug|Any CPU
		{1CCA6FF9-7727-4001-96A3-213C38C1CADC}.Debug|Any CPU.Build.0 = Debug|Any CPU
		{1CCA6FF9-7727-4001-96A3-213C38C1CADC}.Release|Any CPU.ActiveCfg = Release|Any CPU
		{1CCA6FF9-7727-4001-96A3-213C38C1CADC}.Release|Any CPU.Build.0 = Release|Any CPU
	EndGlobalSection
	GlobalSection(SolutionProperties) = preSolution
		HideSolutionNode = FALSE
	EndGlobalSection
	GlobalSection(ExtensibilityGlobals) = postSolution
		SolutionGuid = {52464680-AABC-4227-A658-94EA7FB09DD0}
	EndGlobalSection
EndGlobal
